
Microsoft Visual Studio Solution File, Format Version 12.00
# Visual Studio 15
VisualStudioVersion = 15.0.27703.2018
MinimumVisualStudioVersion = 10.0.40219.1
Project("{262852C6-CD72-467D-83FE-5EEB1973A190}") = "JamesStock", "JamesStock.jsproj", "{ABEEA7E3-DD53-41CF-AC2A-F86025AF1747}"
EndProject
Project("{FAE04EC0-301F-11D3-BF4B-00C04F79EFBC}") = "Jamwin", "..\Stock_YahooAPI\Jamwin.csproj", "{A94A0D7C-CA36-4589-8BF8-96BADB1E65C6}"
EndProject
Project("{FAE04EC0-301F-11D3-BF4B-00C04F79EFBC}") = "StockWCF", "..\StockWCF\StockWCF\StockWCF.csproj", "{34474948-29CE-42DD-97C5-95040EDD3108}"
EndProject
Project("{FAE04EC0-301F-11D3-BF4B-00C04F79EFBC}") = "Stock_AfterHourEarningAlert", "..\StockWCF\Stock_AfterHourEarningAlert\Stock_AfterHourEarningAlert.csproj", "{82583057-C7A4-4035-8194-8343B1695D16}"
EndProject
Project("{FAE04EC0-301F-11D3-BF4B-00C04F79EFBC}") = "StockToDB", "..\StockWCF\Stock_EarningToDB\StockToDB.csproj", "{A82D9922-F0BE-489F-9ED3-7059C052197A}"
EndProject
Project("{FAE04EC0-301F-11D3-BF4B-00C04F79EFBC}") = "Stock_Tradingview_MostGainers", "..\StockWCF\Stock_Tradingview_MostGainers\Stock_Tradingview_MostGainers.csproj", "{7F0DC141-6F6F-47F3-83F5-21E600066AD1}"
EndProject
Project("{FAE04EC0-301F-11D3-BF4B-00C04F79EFBC}") = "StockForm", "..\StockWCF\StockForm\StockForm.csproj", "{10CFCA02-3C32-4A03-BBC9-BA4F77A0B212}"
EndProject
Project("{FAE04EC0-301F-11D3-BF4B-00C04F79EFBC}") = "StockWebsite", "..\StockWCF\StockWebsite\StockWebsite.csproj", "{3B468A21-332D-4362-9FB1-BD800D6D88E4}"
EndProject
Project("{888888A0-9F3D-457C-B088-3A5042F75D52}") = "Stock_Python", "..\Stock_Python\Stock_Python.pyproj", "{2350CF53-1E86-4A72-BE56-FE1D0D0F556E}"
EndProject
Project("{262852C6-CD72-467D-83FE-5EEB1973A190}") = "OfficeViewer", "..\OfficeViewer\OfficeViewer.jsproj", "{DAEAC66C-BB7A-4C3B-89F5-BB64A58654EF}"
EndProject
Project("{FAE04EC0-301F-11D3-BF4B-00C04F79EFBC}") = "fxpa", "..\fx-trading-platform-prototype\fxpa\fxpa\fxpa.csproj", "{85985191-4247-41EF-BE4E-4E65B0E3925D}"
EndProject
Project("{FAE04EC0-301F-11D3-BF4B-00C04F79EFBC}") = "Stock_Test", "..\Stock_Test\Stock_Test.csproj", "{DCDEBC7E-1D21-462C-BF95-A3CAC57FF467}"
EndProject
Project("{888888A0-9F3D-457C-B088-3A5042F75D52}") = "robin_stocks", "..\robin_stocks\robin_stocks.pyproj", "{2958AA17-2074-49C5-9798-6072E60A17DB}"
EndProject
Project("{FAE04EC0-301F-11D3-BF4B-00C04F79EFBC}") = "AITrader", "..\AITrader\AITrader.csproj", "{E8FA2C07-683C-47BE-B378-D2A19A617A85}"
EndProject
Global
	GlobalSection(SolutionConfigurationPlatforms) = preSolution
		Debug|Android = Debug|Android
		Debug|Any CPU = Debug|Any CPU
		Debug|iOS = Debug|iOS
		Debug|Windows-ARM = Debug|Windows-ARM
		Debug|Windows-x64 = Debug|Windows-x64
		Debug|Windows-x86 = Debug|Windows-x86
		Debug|x86 = Debug|x86
		Release|Android = Release|Android
		Release|Any CPU = Release|Any CPU
		Release|iOS = Release|iOS
		Release|Windows-ARM = Release|Windows-ARM
		Release|Windows-x64 = Release|Windows-x64
		Release|Windows-x86 = Release|Windows-x86
		Release|x86 = Release|x86
	EndGlobalSection
	GlobalSection(ProjectConfigurationPlatforms) = postSolution
		{ABEEA7E3-DD53-41CF-AC2A-F86025AF1747}.Debug|Android.ActiveCfg = Debug|Android
		{ABEEA7E3-DD53-41CF-AC2A-F86025AF1747}.Debug|Android.Build.0 = Debug|Android
		{ABEEA7E3-DD53-41CF-AC2A-F86025AF1747}.Debug|Android.Deploy.0 = Debug|Android
		{ABEEA7E3-DD53-41CF-AC2A-F86025AF1747}.Debug|Any CPU.ActiveCfg = Debug|Android
		{ABEEA7E3-DD53-41CF-AC2A-F86025AF1747}.Debug|iOS.ActiveCfg = Debug|iOS
		{ABEEA7E3-DD53-41CF-AC2A-F86025AF1747}.Debug|iOS.Build.0 = Debug|iOS
		{ABEEA7E3-DD53-41CF-AC2A-F86025AF1747}.Debug|iOS.Deploy.0 = Debug|iOS
		{ABEEA7E3-DD53-41CF-AC2A-F86025AF1747}.Debug|Windows-ARM.ActiveCfg = Debug|Windows-ARM
		{ABEEA7E3-DD53-41CF-AC2A-F86025AF1747}.Debug|Windows-ARM.Build.0 = Debug|Windows-ARM
		{ABEEA7E3-DD53-41CF-AC2A-F86025AF1747}.Debug|Windows-ARM.Deploy.0 = Debug|Windows-ARM
		{ABEEA7E3-DD53-41CF-AC2A-F86025AF1747}.Debug|Windows-x64.ActiveCfg = Debug|Windows-x64
		{ABEEA7E3-DD53-41CF-AC2A-F86025AF1747}.Debug|Windows-x64.Build.0 = Debug|Windows-x64
		{ABEEA7E3-DD53-41CF-AC2A-F86025AF1747}.Debug|Windows-x64.Deploy.0 = Debug|Windows-x64
		{ABEEA7E3-DD53-41CF-AC2A-F86025AF1747}.Debug|Windows-x86.ActiveCfg = Debug|Windows-x86
		{ABEEA7E3-DD53-41CF-AC2A-F86025AF1747}.Debug|Windows-x86.Build.0 = Debug|Windows-x86
		{ABEEA7E3-DD53-41CF-AC2A-F86025AF1747}.Debug|Windows-x86.Deploy.0 = Debug|Windows-x86
		{ABEEA7E3-DD53-41CF-AC2A-F86025AF1747}.Debug|x86.ActiveCfg = Debug|Windows-x86
		{ABEEA7E3-DD53-41CF-AC2A-F86025AF1747}.Release|Android.ActiveCfg = Release|Android
		{ABEEA7E3-DD53-41CF-AC2A-F86025AF1747}.Release|Android.Build.0 = Release|Android
		{ABEEA7E3-DD53-41CF-AC2A-F86025AF1747}.Release|Android.Deploy.0 = Release|Android
		{ABEEA7E3-DD53-41CF-AC2A-F86025AF1747}.Release|Any CPU.ActiveCfg = Release|Android
		{ABEEA7E3-DD53-41CF-AC2A-F86025AF1747}.Release|iOS.ActiveCfg = Release|iOS
		{ABEEA7E3-DD53-41CF-AC2A-F86025AF1747}.Release|iOS.Build.0 = Release|iOS
		{ABEEA7E3-DD53-41CF-AC2A-F86025AF1747}.Release|iOS.Deploy.0 = Release|iOS
		{ABEEA7E3-DD53-41CF-AC2A-F86025AF1747}.Release|Windows-ARM.ActiveCfg = Release|Windows-ARM
		{ABEEA7E3-DD53-41CF-AC2A-F86025AF1747}.Release|Windows-ARM.Build.0 = Release|Windows-ARM
		{ABEEA7E3-DD53-41CF-AC2A-F86025AF1747}.Release|Windows-ARM.Deploy.0 = Release|Windows-ARM
		{ABEEA7E3-DD53-41CF-AC2A-F86025AF1747}.Release|Windows-x64.ActiveCfg = Release|Windows-x64
		{ABEEA7E3-DD53-41CF-AC2A-F86025AF1747}.Release|Windows-x64.Build.0 = Release|Windows-x64
		{ABEEA7E3-DD53-41CF-AC2A-F86025AF1747}.Release|Windows-x64.Deploy.0 = Release|Windows-x64
		{ABEEA7E3-DD53-41CF-AC2A-F86025AF1747}.Release|Windows-x86.ActiveCfg = Release|Windows-x86
		{ABEEA7E3-DD53-41CF-AC2A-F86025AF1747}.Release|Windows-x86.Build.0 = Release|Windows-x86
		{ABEEA7E3-DD53-41CF-AC2A-F86025AF1747}.Release|Windows-x86.Deploy.0 = Release|Windows-x86
		{ABEEA7E3-DD53-41CF-AC2A-F86025AF1747}.Release|x86.ActiveCfg = Release|Windows-x86
		{A94A0D7C-CA36-4589-8BF8-96BADB1E65C6}.Debug|Android.ActiveCfg = Debug|Any CPU
		{A94A0D7C-CA36-4589-8BF8-96BADB1E65C6}.Debug|Android.Build.0 = Debug|Any CPU
		{A94A0D7C-CA36-4589-8BF8-96BADB1E65C6}.Debug|Any CPU.ActiveCfg = Debug|Any CPU
		{A94A0D7C-CA36-4589-8BF8-96BADB1E65C6}.Debug|Any CPU.Build.0 = Debug|Any CPU
		{A94A0D7C-CA36-4589-8BF8-96BADB1E65C6}.Debug|iOS.ActiveCfg = Debug|Any CPU
		{A94A0D7C-CA36-4589-8BF8-96BADB1E65C6}.Debug|iOS.Build.0 = Debug|Any CPU
		{A94A0D7C-CA36-4589-8BF8-96BADB1E65C6}.Debug|Windows-ARM.ActiveCfg = Debug|Any CPU
		{A94A0D7C-CA36-4589-8BF8-96BADB1E65C6}.Debug|Windows-ARM.Build.0 = Debug|Any CPU
		{A94A0D7C-CA36-4589-8BF8-96BADB1E65C6}.Debug|Windows-x64.ActiveCfg = Debug|Any CPU
		{A94A0D7C-CA36-4589-8BF8-96BADB1E65C6}.Debug|Windows-x64.Build.0 = Debug|Any CPU
		{A94A0D7C-CA36-4589-8BF8-96BADB1E65C6}.Debug|Windows-x86.ActiveCfg = Debug|Any CPU
		{A94A0D7C-CA36-4589-8BF8-96BADB1E65C6}.Debug|Windows-x86.Build.0 = Debug|Any CPU
		{A94A0D7C-CA36-4589-8BF8-96BADB1E65C6}.Debug|x86.ActiveCfg = Debug|Any CPU
		{A94A0D7C-CA36-4589-8BF8-96BADB1E65C6}.Debug|x86.Build.0 = Debug|Any CPU
		{A94A0D7C-CA36-4589-8BF8-96BADB1E65C6}.Release|Android.ActiveCfg = Release|Any CPU
		{A94A0D7C-CA36-4589-8BF8-96BADB1E65C6}.Release|Android.Build.0 = Release|Any CPU
		{A94A0D7C-CA36-4589-8BF8-96BADB1E65C6}.Release|Any CPU.ActiveCfg = Release|Any CPU
		{A94A0D7C-CA36-4589-8BF8-96BADB1E65C6}.Release|Any CPU.Build.0 = Release|Any CPU
		{A94A0D7C-CA36-4589-8BF8-96BADB1E65C6}.Release|iOS.ActiveCfg = Release|Any CPU
		{A94A0D7C-CA36-4589-8BF8-96BADB1E65C6}.Release|iOS.Build.0 = Release|Any CPU
		{A94A0D7C-CA36-4589-8BF8-96BADB1E65C6}.Release|Windows-ARM.ActiveCfg = Release|Any CPU
		{A94A0D7C-CA36-4589-8BF8-96BADB1E65C6}.Release|Windows-ARM.Build.0 = Release|Any CPU
		{A94A0D7C-CA36-4589-8BF8-96BADB1E65C6}.Release|Windows-x64.ActiveCfg = Release|Any CPU
		{A94A0D7C-CA36-4589-8BF8-96BADB1E65C6}.Release|Windows-x64.Build.0 = Release|Any CPU
		{A94A0D7C-CA36-4589-8BF8-96BADB1E65C6}.Release|Windows-x86.ActiveCfg = Release|Any CPU
		{A94A0D7C-CA36-4589-8BF8-96BADB1E65C6}.Release|Windows-x86.Build.0 = Release|Any CPU
		{A94A0D7C-CA36-4589-8BF8-96BADB1E65C6}.Release|x86.ActiveCfg = Release|Any CPU
		{A94A0D7C-CA36-4589-8BF8-96BADB1E65C6}.Release|x86.Build.0 = Release|Any CPU
		{34474948-29CE-42DD-97C5-95040EDD3108}.Debug|Android.ActiveCfg = Debug|Any CPU
		{34474948-29CE-42DD-97C5-95040EDD3108}.Debug|Android.Build.0 = Debug|Any CPU
		{34474948-29CE-42DD-97C5-95040EDD3108}.Debug|Any CPU.ActiveCfg = Debug|Any CPU
		{34474948-29CE-42DD-97C5-95040EDD3108}.Debug|Any CPU.Build.0 = Debug|Any CPU
		{34474948-29CE-42DD-97C5-95040EDD3108}.Debug|iOS.ActiveCfg = Debug|Any CPU
		{34474948-29CE-42DD-97C5-95040EDD3108}.Debug|iOS.Build.0 = Debug|Any CPU
		{34474948-29CE-42DD-97C5-95040EDD3108}.Debug|Windows-ARM.ActiveCfg = Debug|Any CPU
		{34474948-29CE-42DD-97C5-95040EDD3108}.Debug|Windows-ARM.Build.0 = Debug|Any CPU
		{34474948-29CE-42DD-97C5-95040EDD3108}.Debug|Windows-x64.ActiveCfg = Debug|Any CPU
		{34474948-29CE-42DD-97C5-95040EDD3108}.Debug|Windows-x64.Build.0 = Debug|Any CPU
		{34474948-29CE-42DD-97C5-95040EDD3108}.Debug|Windows-x86.ActiveCfg = Debug|Any CPU
		{34474948-29CE-42DD-97C5-95040EDD3108}.Debug|Windows-x86.Build.0 = Debug|Any CPU
		{34474948-29CE-42DD-97C5-95040EDD3108}.Debug|x86.ActiveCfg = Debug|Any CPU
		{34474948-29CE-42DD-97C5-95040EDD3108}.Debug|x86.Build.0 = Debug|Any CPU
		{34474948-29CE-42DD-97C5-95040EDD3108}.Release|Android.ActiveCfg = Release|Any CPU
		{34474948-29CE-42DD-97C5-95040EDD3108}.Release|Android.Build.0 = Release|Any CPU
		{34474948-29CE-42DD-97C5-95040EDD3108}.Release|Any CPU.ActiveCfg = Release|Any CPU
		{34474948-29CE-42DD-97C5-95040EDD3108}.Release|Any CPU.Build.0 = Release|Any CPU
		{34474948-29CE-42DD-97C5-95040EDD3108}.Release|iOS.ActiveCfg = Release|Any CPU
		{34474948-29CE-42DD-97C5-95040EDD3108}.Release|iOS.Build.0 = Release|Any CPU
		{34474948-29CE-42DD-97C5-95040EDD3108}.Release|Windows-ARM.ActiveCfg = Release|Any CPU
		{34474948-29CE-42DD-97C5-95040EDD3108}.Release|Windows-ARM.Build.0 = Release|Any CPU
		{34474948-29CE-42DD-97C5-95040EDD3108}.Release|Windows-x64.ActiveCfg = Release|Any CPU
		{34474948-29CE-42DD-97C5-95040EDD3108}.Release|Windows-x64.Build.0 = Release|Any CPU
		{34474948-29CE-42DD-97C5-95040EDD3108}.Release|Windows-x86.ActiveCfg = Release|Any CPU
		{34474948-29CE-42DD-97C5-95040EDD3108}.Release|Windows-x86.Build.0 = Release|Any CPU
		{34474948-29CE-42DD-97C5-95040EDD3108}.Release|x86.ActiveCfg = Release|Any CPU
		{34474948-29CE-42DD-97C5-95040EDD3108}.Release|x86.Build.0 = Release|Any CPU
		{82583057-C7A4-4035-8194-8343B1695D16}.Debug|Android.ActiveCfg = Debug|Any CPU
		{82583057-C7A4-4035-8194-8343B1695D16}.Debug|Android.Build.0 = Debug|Any CPU
		{82583057-C7A4-4035-8194-8343B1695D16}.Debug|Any CPU.ActiveCfg = Debug|Any CPU
		{82583057-C7A4-4035-8194-8343B1695D16}.Debug|Any CPU.Build.0 = Debug|Any CPU
		{82583057-C7A4-4035-8194-8343B1695D16}.Debug|iOS.ActiveCfg = Debug|Any CPU
		{82583057-C7A4-4035-8194-8343B1695D16}.Debug|iOS.Build.0 = Debug|Any CPU
		{82583057-C7A4-4035-8194-8343B1695D16}.Debug|Windows-ARM.ActiveCfg = Debug|Any CPU
		{82583057-C7A4-4035-8194-8343B1695D16}.Debug|Windows-ARM.Build.0 = Debug|Any CPU
		{82583057-C7A4-4035-8194-8343B1695D16}.Debug|Windows-x64.ActiveCfg = Debug|Any CPU
		{82583057-C7A4-4035-8194-8343B1695D16}.Debug|Windows-x64.Build.0 = Debug|Any CPU
		{82583057-C7A4-4035-8194-8343B1695D16}.Debug|Windows-x86.ActiveCfg = Debug|Any CPU
		{82583057-C7A4-4035-8194-8343B1695D16}.Debug|Windows-x86.Build.0 = Debug|Any CPU
		{82583057-C7A4-4035-8194-8343B1695D16}.Debug|x86.ActiveCfg = Debug|Any CPU
		{82583057-C7A4-4035-8194-8343B1695D16}.Debug|x86.Build.0 = Debug|Any CPU
		{82583057-C7A4-4035-8194-8343B1695D16}.Release|Android.ActiveCfg = Release|Any CPU
		{82583057-C7A4-4035-8194-8343B1695D16}.Release|Android.Build.0 = Release|Any CPU
		{82583057-C7A4-4035-8194-8343B1695D16}.Release|Any CPU.ActiveCfg = Release|Any CPU
		{82583057-C7A4-4035-8194-8343B1695D16}.Release|Any CPU.Build.0 = Release|Any CPU
		{82583057-C7A4-4035-8194-8343B1695D16}.Release|iOS.ActiveCfg = Release|Any CPU
		{82583057-C7A4-4035-8194-8343B1695D16}.Release|iOS.Build.0 = Release|Any CPU
		{82583057-C7A4-4035-8194-8343B1695D16}.Release|Windows-ARM.ActiveCfg = Release|Any CPU
		{82583057-C7A4-4035-8194-8343B1695D16}.Release|Windows-ARM.Build.0 = Release|Any CPU
		{82583057-C7A4-4035-8194-8343B1695D16}.Release|Windows-x64.ActiveCfg = Release|Any CPU
		{82583057-C7A4-4035-8194-8343B1695D16}.Release|Windows-x64.Build.0 = Release|Any CPU
		{82583057-C7A4-4035-8194-8343B1695D16}.Release|Windows-x86.ActiveCfg = Release|Any CPU
		{82583057-C7A4-4035-8194-8343B1695D16}.Release|Windows-x86.Build.0 = Release|Any CPU
		{82583057-C7A4-4035-8194-8343B1695D16}.Release|x86.ActiveCfg = Release|Any CPU
		{82583057-C7A4-4035-8194-8343B1695D16}.Release|x86.Build.0 = Release|Any CPU
		{A82D9922-F0BE-489F-9ED3-7059C052197A}.Debug|Android.ActiveCfg = Debug|Any CPU
		{A82D9922-F0BE-489F-9ED3-7059C052197A}.Debug|Android.Build.0 = Debug|Any CPU
		{A82D9922-F0BE-489F-9ED3-7059C052197A}.Debug|Any CPU.ActiveCfg = Debug|Any CPU
		{A82D9922-F0BE-489F-9ED3-7059C052197A}.Debug|Any CPU.Build.0 = Debug|Any CPU
		{A82D9922-F0BE-489F-9ED3-7059C052197A}.Debug|iOS.ActiveCfg = Debug|Any CPU
		{A82D9922-F0BE-489F-9ED3-7059C052197A}.Debug|iOS.Build.0 = Debug|Any CPU
		{A82D9922-F0BE-489F-9ED3-7059C052197A}.Debug|Windows-ARM.ActiveCfg = Debug|Any CPU
		{A82D9922-F0BE-489F-9ED3-7059C052197A}.Debug|Windows-ARM.Build.0 = Debug|Any CPU
		{A82D9922-F0BE-489F-9ED3-7059C052197A}.Debug|Windows-x64.ActiveCfg = Debug|Any CPU
		{A82D9922-F0BE-489F-9ED3-7059C052197A}.Debug|Windows-x64.Build.0 = Debug|Any CPU
		{A82D9922-F0BE-489F-9ED3-7059C052197A}.Debug|Windows-x86.ActiveCfg = Debug|Any CPU
		{A82D9922-F0BE-489F-9ED3-7059C052197A}.Debug|Windows-x86.Build.0 = Debug|Any CPU
		{A82D9922-F0BE-489F-9ED3-7059C052197A}.Debug|x86.ActiveCfg = Debug|Any CPU
		{A82D9922-F0BE-489F-9ED3-7059C052197A}.Debug|x86.Build.0 = Debug|Any CPU
		{A82D9922-F0BE-489F-9ED3-7059C052197A}.Release|Android.ActiveCfg = Release|Any CPU
		{A82D9922-F0BE-489F-9ED3-7059C052197A}.Release|Android.Build.0 = Release|Any CPU
		{A82D9922-F0BE-489F-9ED3-7059C052197A}.Release|Any CPU.ActiveCfg = Release|Any CPU
		{A82D9922-F0BE-489F-9ED3-7059C052197A}.Release|Any CPU.Build.0 = Release|Any CPU
		{A82D9922-F0BE-489F-9ED3-7059C052197A}.Release|iOS.ActiveCfg = Release|Any CPU
		{A82D9922-F0BE-489F-9ED3-7059C052197A}.Release|iOS.Build.0 = Release|Any CPU
		{A82D9922-F0BE-489F-9ED3-7059C052197A}.Release|Windows-ARM.ActiveCfg = Release|Any CPU
		{A82D9922-F0BE-489F-9ED3-7059C052197A}.Release|Windows-ARM.Build.0 = Release|Any CPU
		{A82D9922-F0BE-489F-9ED3-7059C052197A}.Release|Windows-x64.ActiveCfg = Release|Any CPU
		{A82D9922-F0BE-489F-9ED3-7059C052197A}.Release|Windows-x64.Build.0 = Release|Any CPU
		{A82D9922-F0BE-489F-9ED3-7059C052197A}.Release|Windows-x86.ActiveCfg = Release|Any CPU
		{A82D9922-F0BE-489F-9ED3-7059C052197A}.Release|Windows-x86.Build.0 = Release|Any CPU
		{A82D9922-F0BE-489F-9ED3-7059C052197A}.Release|x86.ActiveCfg = Release|Any CPU
		{A82D9922-F0BE-489F-9ED3-7059C052197A}.Release|x86.Build.0 = Release|Any CPU
		{7F0DC141-6F6F-47F3-83F5-21E600066AD1}.Debug|Android.ActiveCfg = Debug|Any CPU
		{7F0DC141-6F6F-47F3-83F5-21E600066AD1}.Debug|Android.Build.0 = Debug|Any CPU
		{7F0DC141-6F6F-47F3-83F5-21E600066AD1}.Debug|Any CPU.ActiveCfg = Debug|Any CPU
		{7F0DC141-6F6F-47F3-83F5-21E600066AD1}.Debug|Any CPU.Build.0 = Debug|Any CPU
		{7F0DC141-6F6F-47F3-83F5-21E600066AD1}.Debug|iOS.ActiveCfg = Debug|Any CPU
		{7F0DC141-6F6F-47F3-83F5-21E600066AD1}.Debug|iOS.Build.0 = Debug|Any CPU
		{7F0DC141-6F6F-47F3-83F5-21E600066AD1}.Debug|Windows-ARM.ActiveCfg = Debug|Any CPU
		{7F0DC141-6F6F-47F3-83F5-21E600066AD1}.Debug|Windows-ARM.Build.0 = Debug|Any CPU
		{7F0DC141-6F6F-47F3-83F5-21E600066AD1}.Debug|Windows-x64.ActiveCfg = Debug|Any CPU
		{7F0DC141-6F6F-47F3-83F5-21E600066AD1}.Debug|Windows-x64.Build.0 = Debug|Any CPU
		{7F0DC141-6F6F-47F3-83F5-21E600066AD1}.Debug|Windows-x86.ActiveCfg = Debug|Any CPU
		{7F0DC141-6F6F-47F3-83F5-21E600066AD1}.Debug|Windows-x86.Build.0 = Debug|Any CPU
		{7F0DC141-6F6F-47F3-83F5-21E600066AD1}.Debug|x86.ActiveCfg = Debug|Any CPU
		{7F0DC141-6F6F-47F3-83F5-21E600066AD1}.Debug|x86.Build.0 = Debug|Any CPU
		{7F0DC141-6F6F-47F3-83F5-21E600066AD1}.Release|Android.ActiveCfg = Release|Any CPU
		{7F0DC141-6F6F-47F3-83F5-21E600066AD1}.Release|Android.Build.0 = Release|Any CPU
		{7F0DC141-6F6F-47F3-83F5-21E600066AD1}.Release|Any CPU.ActiveCfg = Release|Any CPU
		{7F0DC141-6F6F-47F3-83F5-21E600066AD1}.Release|Any CPU.Build.0 = Release|Any CPU
		{7F0DC141-6F6F-47F3-83F5-21E600066AD1}.Release|iOS.ActiveCfg = Release|Any CPU
		{7F0DC141-6F6F-47F3-83F5-21E600066AD1}.Release|iOS.Build.0 = Release|Any CPU
		{7F0DC141-6F6F-47F3-83F5-21E600066AD1}.Release|Windows-ARM.ActiveCfg = Release|Any CPU
		{7F0DC141-6F6F-47F3-83F5-21E600066AD1}.Release|Windows-ARM.Build.0 = Release|Any CPU
		{7F0DC141-6F6F-47F3-83F5-21E600066AD1}.Release|Windows-x64.ActiveCfg = Release|Any CPU
		{7F0DC141-6F6F-47F3-83F5-21E600066AD1}.Release|Windows-x64.Build.0 = Release|Any CPU
		{7F0DC141-6F6F-47F3-83F5-21E600066AD1}.Release|Windows-x86.ActiveCfg = Release|Any CPU
		{7F0DC141-6F6F-47F3-83F5-21E600066AD1}.Release|Windows-x86.Build.0 = Release|Any CPU
		{7F0DC141-6F6F-47F3-83F5-21E600066AD1}.Release|x86.ActiveCfg = Release|Any CPU
		{7F0DC141-6F6F-47F3-83F5-21E600066AD1}.Release|x86.Build.0 = Release|Any CPU
		{10CFCA02-3C32-4A03-BBC9-BA4F77A0B212}.Debug|Android.ActiveCfg = Debug|Any CPU
		{10CFCA02-3C32-4A03-BBC9-BA4F77A0B212}.Debug|Android.Build.0 = Debug|Any CPU
		{10CFCA02-3C32-4A03-BBC9-BA4F77A0B212}.Debug|Any CPU.ActiveCfg = Debug|Any CPU
		{10CFCA02-3C32-4A03-BBC9-BA4F77A0B212}.Debug|Any CPU.Build.0 = Debug|Any CPU
		{10CFCA02-3C32-4A03-BBC9-BA4F77A0B212}.Debug|iOS.ActiveCfg = Debug|Any CPU
		{10CFCA02-3C32-4A03-BBC9-BA4F77A0B212}.Debug|iOS.Build.0 = Debug|Any CPU
		{10CFCA02-3C32-4A03-BBC9-BA4F77A0B212}.Debug|Windows-ARM.ActiveCfg = Debug|Any CPU
		{10CFCA02-3C32-4A03-BBC9-BA4F77A0B212}.Debug|Windows-ARM.Build.0 = Debug|Any CPU
		{10CFCA02-3C32-4A03-BBC9-BA4F77A0B212}.Debug|Windows-x64.ActiveCfg = Debug|Any CPU
		{10CFCA02-3C32-4A03-BBC9-BA4F77A0B212}.Debug|Windows-x64.Build.0 = Debug|Any CPU
		{10CFCA02-3C32-4A03-BBC9-BA4F77A0B212}.Debug|Windows-x86.ActiveCfg = Debug|Any CPU
		{10CFCA02-3C32-4A03-BBC9-BA4F77A0B212}.Debug|Windows-x86.Build.0 = Debug|Any CPU
		{10CFCA02-3C32-4A03-BBC9-BA4F77A0B212}.Debug|x86.ActiveCfg = Debug|Any CPU
		{10CFCA02-3C32-4A03-BBC9-BA4F77A0B212}.Debug|x86.Build.0 = Debug|Any CPU
		{10CFCA02-3C32-4A03-BBC9-BA4F77A0B212}.Release|Android.ActiveCfg = Release|Any CPU
		{10CFCA02-3C32-4A03-BBC9-BA4F77A0B212}.Release|Android.Build.0 = Release|Any CPU
		{10CFCA02-3C32-4A03-BBC9-BA4F77A0B212}.Release|Any CPU.ActiveCfg = Release|Any CPU
		{10CFCA02-3C32-4A03-BBC9-BA4F77A0B212}.Release|Any CPU.Build.0 = Release|Any CPU
		{10CFCA02-3C32-4A03-BBC9-BA4F77A0B212}.Release|iOS.ActiveCfg = Release|Any CPU
		{10CFCA02-3C32-4A03-BBC9-BA4F77A0B212}.Release|iOS.Build.0 = Release|Any CPU
		{10CFCA02-3C32-4A03-BBC9-BA4F77A0B212}.Release|Windows-ARM.ActiveCfg = Release|Any CPU
		{10CFCA02-3C32-4A03-BBC9-BA4F77A0B212}.Release|Windows-ARM.Build.0 = Release|Any CPU
		{10CFCA02-3C32-4A03-BBC9-BA4F77A0B212}.Release|Windows-x64.ActiveCfg = Release|Any CPU
		{10CFCA02-3C32-4A03-BBC9-BA4F77A0B212}.Release|Windows-x64.Build.0 = Release|Any CPU
		{10CFCA02-3C32-4A03-BBC9-BA4F77A0B212}.Release|Windows-x86.ActiveCfg = Release|Any CPU
		{10CFCA02-3C32-4A03-BBC9-BA4F77A0B212}.Release|Windows-x86.Build.0 = Release|Any CPU
		{10CFCA02-3C32-4A03-BBC9-BA4F77A0B212}.Release|x86.ActiveCfg = Release|Any CPU
		{10CFCA02-3C32-4A03-BBC9-BA4F77A0B212}.Release|x86.Build.0 = Release|Any CPU
		{3B468A21-332D-4362-9FB1-BD800D6D88E4}.Debug|Android.ActiveCfg = Debug|Any CPU
		{3B468A21-332D-4362-9FB1-BD800D6D88E4}.Debug|Android.Build.0 = Debug|Any CPU
		{3B468A21-332D-4362-9FB1-BD800D6D88E4}.Debug|Any CPU.ActiveCfg = Debug|Any CPU
		{3B468A21-332D-4362-9FB1-BD800D6D88E4}.Debug|Any CPU.Build.0 = Debug|Any CPU
		{3B468A21-332D-4362-9FB1-BD800D6D88E4}.Debug|iOS.ActiveCfg = Debug|Any CPU
		{3B468A21-332D-4362-9FB1-BD800D6D88E4}.Debug|iOS.Build.0 = Debug|Any CPU
		{3B468A21-332D-4362-9FB1-BD800D6D88E4}.Debug|Windows-ARM.ActiveCfg = Debug|Any CPU
		{3B468A21-332D-4362-9FB1-BD800D6D88E4}.Debug|Windows-ARM.Build.0 = Debug|Any CPU
		{3B468A21-332D-4362-9FB1-BD800D6D88E4}.Debug|Windows-x64.ActiveCfg = Debug|Any CPU
		{3B468A21-332D-4362-9FB1-BD800D6D88E4}.Debug|Windows-x64.Build.0 = Debug|Any CPU
		{3B468A21-332D-4362-9FB1-BD800D6D88E4}.Debug|Windows-x86.ActiveCfg = Debug|Any CPU
		{3B468A21-332D-4362-9FB1-BD800D6D88E4}.Debug|Windows-x86.Build.0 = Debug|Any CPU
		{3B468A21-332D-4362-9FB1-BD800D6D88E4}.Debug|x86.ActiveCfg = Debug|Any CPU
		{3B468A21-332D-4362-9FB1-BD800D6D88E4}.Debug|x86.Build.0 = Debug|Any CPU
		{3B468A21-332D-4362-9FB1-BD800D6D88E4}.Release|Android.ActiveCfg = Release|Any CPU
		{3B468A21-332D-4362-9FB1-BD800D6D88E4}.Release|Android.Build.0 = Release|Any CPU
		{3B468A21-332D-4362-9FB1-BD800D6D88E4}.Release|Any CPU.ActiveCfg = Release|Any CPU
		{3B468A21-332D-4362-9FB1-BD800D6D88E4}.Release|Any CPU.Build.0 = Release|Any CPU
		{3B468A21-332D-4362-9FB1-BD800D6D88E4}.Release|iOS.ActiveCfg = Release|Any CPU
		{3B468A21-332D-4362-9FB1-BD800D6D88E4}.Release|iOS.Build.0 = Release|Any CPU
		{3B468A21-332D-4362-9FB1-BD800D6D88E4}.Release|Windows-ARM.ActiveCfg = Release|Any CPU
		{3B468A21-332D-4362-9FB1-BD800D6D88E4}.Release|Windows-ARM.Build.0 = Release|Any CPU
		{3B468A21-332D-4362-9FB1-BD800D6D88E4}.Release|Windows-x64.ActiveCfg = Release|Any CPU
		{3B468A21-332D-4362-9FB1-BD800D6D88E4}.Release|Windows-x64.Build.0 = Release|Any CPU
		{3B468A21-332D-4362-9FB1-BD800D6D88E4}.Release|Windows-x86.ActiveCfg = Release|Any CPU
		{3B468A21-332D-4362-9FB1-BD800D6D88E4}.Release|Windows-x86.Build.0 = Release|Any CPU
		{3B468A21-332D-4362-9FB1-BD800D6D88E4}.Release|x86.ActiveCfg = Release|Any CPU
		{3B468A21-332D-4362-9FB1-BD800D6D88E4}.Release|x86.Build.0 = Release|Any CPU
		{2350CF53-1E86-4A72-BE56-FE1D0D0F556E}.Debug|Android.ActiveCfg = Debug|Any CPU
		{2350CF53-1E86-4A72-BE56-FE1D0D0F556E}.Debug|Any CPU.ActiveCfg = Debug|Any CPU
		{2350CF53-1E86-4A72-BE56-FE1D0D0F556E}.Debug|iOS.ActiveCfg = Debug|Any CPU
		{2350CF53-1E86-4A72-BE56-FE1D0D0F556E}.Debug|Windows-ARM.ActiveCfg = Debug|Any CPU
		{2350CF53-1E86-4A72-BE56-FE1D0D0F556E}.Debug|Windows-x64.ActiveCfg = Debug|Any CPU
		{2350CF53-1E86-4A72-BE56-FE1D0D0F556E}.Debug|Windows-x86.ActiveCfg = Debug|Any CPU
		{2350CF53-1E86-4A72-BE56-FE1D0D0F556E}.Debug|x86.ActiveCfg = Debug|Any CPU
		{2350CF53-1E86-4A72-BE56-FE1D0D0F556E}.Release|Android.ActiveCfg = Release|Any CPU
		{2350CF53-1E86-4A72-BE56-FE1D0D0F556E}.Release|Any CPU.ActiveCfg = Release|Any CPU
		{2350CF53-1E86-4A72-BE56-FE1D0D0F556E}.Release|iOS.ActiveCfg = Release|Any CPU
		{2350CF53-1E86-4A72-BE56-FE1D0D0F556E}.Release|Windows-ARM.ActiveCfg = Release|Any CPU
		{2350CF53-1E86-4A72-BE56-FE1D0D0F556E}.Release|Windows-x64.ActiveCfg = Release|Any CPU
		{2350CF53-1E86-4A72-BE56-FE1D0D0F556E}.Release|Windows-x86.ActiveCfg = Release|Any CPU
		{2350CF53-1E86-4A72-BE56-FE1D0D0F556E}.Release|x86.ActiveCfg = Release|Any CPU
		{DAEAC66C-BB7A-4C3B-89F5-BB64A58654EF}.Debug|Android.ActiveCfg = Debug|Android
		{DAEAC66C-BB7A-4C3B-89F5-BB64A58654EF}.Debug|Android.Build.0 = Debug|Android
		{DAEAC66C-BB7A-4C3B-89F5-BB64A58654EF}.Debug|Android.Deploy.0 = Debug|Android
		{DAEAC66C-BB7A-4C3B-89F5-BB64A58654EF}.Debug|Any CPU.ActiveCfg = Debug|Android
		{DAEAC66C-BB7A-4C3B-89F5-BB64A58654EF}.Debug|iOS.ActiveCfg = Debug|iOS
		{DAEAC66C-BB7A-4C3B-89F5-BB64A58654EF}.Debug|iOS.Build.0 = Debug|iOS
		{DAEAC66C-BB7A-4C3B-89F5-BB64A58654EF}.Debug|iOS.Deploy.0 = Debug|iOS
		{DAEAC66C-BB7A-4C3B-89F5-BB64A58654EF}.Debug|Windows-ARM.ActiveCfg = Debug|Windows-ARM
		{DAEAC66C-BB7A-4C3B-89F5-BB64A58654EF}.Debug|Windows-ARM.Build.0 = Debug|Windows-ARM
		{DAEAC66C-BB7A-4C3B-89F5-BB64A58654EF}.Debug|Windows-ARM.Deploy.0 = Debug|Windows-ARM
		{DAEAC66C-BB7A-4C3B-89F5-BB64A58654EF}.Debug|Windows-x64.ActiveCfg = Debug|Windows-x64
		{DAEAC66C-BB7A-4C3B-89F5-BB64A58654EF}.Debug|Windows-x64.Build.0 = Debug|Windows-x64
		{DAEAC66C-BB7A-4C3B-89F5-BB64A58654EF}.Debug|Windows-x64.Deploy.0 = Debug|Windows-x64
		{DAEAC66C-BB7A-4C3B-89F5-BB64A58654EF}.Debug|Windows-x86.ActiveCfg = Debug|Windows-x86
		{DAEAC66C-BB7A-4C3B-89F5-BB64A58654EF}.Debug|Windows-x86.Build.0 = Debug|Windows-x86
		{DAEAC66C-BB7A-4C3B-89F5-BB64A58654EF}.Debug|Windows-x86.Deploy.0 = Debug|Windows-x86
		{DAEAC66C-BB7A-4C3B-89F5-BB64A58654EF}.Debug|x86.ActiveCfg = Debug|Windows-x86
		{DAEAC66C-BB7A-4C3B-89F5-BB64A58654EF}.Release|Android.ActiveCfg = Release|Android
		{DAEAC66C-BB7A-4C3B-89F5-BB64A58654EF}.Release|Android.Build.0 = Release|Android
		{DAEAC66C-BB7A-4C3B-89F5-BB64A58654EF}.Release|Android.Deploy.0 = Release|Android
		{DAEAC66C-BB7A-4C3B-89F5-BB64A58654EF}.Release|Any CPU.ActiveCfg = Release|Android
		{DAEAC66C-BB7A-4C3B-89F5-BB64A58654EF}.Release|iOS.ActiveCfg = Release|iOS
		{DAEAC66C-BB7A-4C3B-89F5-BB64A58654EF}.Release|iOS.Build.0 = Release|iOS
		{DAEAC66C-BB7A-4C3B-89F5-BB64A58654EF}.Release|iOS.Deploy.0 = Release|iOS
		{DAEAC66C-BB7A-4C3B-89F5-BB64A58654EF}.Release|Windows-ARM.ActiveCfg = Release|Windows-ARM
		{DAEAC66C-BB7A-4C3B-89F5-BB64A58654EF}.Release|Windows-ARM.Build.0 = Release|Windows-ARM
		{DAEAC66C-BB7A-4C3B-89F5-BB64A58654EF}.Release|Windows-ARM.Deploy.0 = Release|Windows-ARM
		{DAEAC66C-BB7A-4C3B-89F5-BB64A58654EF}.Release|Windows-x64.ActiveCfg = Release|Windows-x64
		{DAEAC66C-BB7A-4C3B-89F5-BB64A58654EF}.Release|Windows-x64.Build.0 = Release|Windows-x64
		{DAEAC66C-BB7A-4C3B-89F5-BB64A58654EF}.Release|Windows-x64.Deploy.0 = Release|Windows-x64
		{DAEAC66C-BB7A-4C3B-89F5-BB64A58654EF}.Release|Windows-x86.ActiveCfg = Release|Windows-x86
		{DAEAC66C-BB7A-4C3B-89F5-BB64A58654EF}.Release|Windows-x86.Build.0 = Release|Windows-x86
		{DAEAC66C-BB7A-4C3B-89F5-BB64A58654EF}.Release|Windows-x86.Deploy.0 = Release|Windows-x86
		{DAEAC66C-BB7A-4C3B-89F5-BB64A58654EF}.Release|x86.ActiveCfg = Release|Windows-x86
		{85985191-4247-41EF-BE4E-4E65B0E3925D}.Debug|Android.ActiveCfg = Debug|Any CPU
		{85985191-4247-41EF-BE4E-4E65B0E3925D}.Debug|Android.Build.0 = Debug|Any CPU
		{85985191-4247-41EF-BE4E-4E65B0E3925D}.Debug|Any CPU.ActiveCfg = Debug|Any CPU
		{85985191-4247-41EF-BE4E-4E65B0E3925D}.Debug|Any CPU.Build.0 = Debug|Any CPU
		{85985191-4247-41EF-BE4E-4E65B0E3925D}.Debug|iOS.ActiveCfg = Debug|Any CPU
		{85985191-4247-41EF-BE4E-4E65B0E3925D}.Debug|iOS.Build.0 = Debug|Any CPU
		{85985191-4247-41EF-BE4E-4E65B0E3925D}.Debug|Windows-ARM.ActiveCfg = Debug|Any CPU
		{85985191-4247-41EF-BE4E-4E65B0E3925D}.Debug|Windows-ARM.Build.0 = Debug|Any CPU
		{85985191-4247-41EF-BE4E-4E65B0E3925D}.Debug|Windows-x64.ActiveCfg = Debug|Any CPU
		{85985191-4247-41EF-BE4E-4E65B0E3925D}.Debug|Windows-x64.Build.0 = Debug|Any CPU
		{85985191-4247-41EF-BE4E-4E65B0E3925D}.Debug|Windows-x86.ActiveCfg = Debug|Any CPU
		{85985191-4247-41EF-BE4E-4E65B0E3925D}.Debug|Windows-x86.Build.0 = Debug|Any CPU
		{85985191-4247-41EF-BE4E-4E65B0E3925D}.Debug|x86.ActiveCfg = Debug|x86
		{85985191-4247-41EF-BE4E-4E65B0E3925D}.Debug|x86.Build.0 = Debug|x86
		{85985191-4247-41EF-BE4E-4E65B0E3925D}.Release|Android.ActiveCfg = Release|Any CPU
		{85985191-4247-41EF-BE4E-4E65B0E3925D}.Release|Android.Build.0 = Release|Any CPU
		{85985191-4247-41EF-BE4E-4E65B0E3925D}.Release|Any CPU.ActiveCfg = Release|Any CPU
		{85985191-4247-41EF-BE4E-4E65B0E3925D}.Release|Any CPU.Build.0 = Release|Any CPU
		{85985191-4247-41EF-BE4E-4E65B0E3925D}.Release|iOS.ActiveCfg = Release|Any CPU
		{85985191-4247-41EF-BE4E-4E65B0E3925D}.Release|iOS.Build.0 = Release|Any CPU
		{85985191-4247-41EF-BE4E-4E65B0E3925D}.Release|Windows-ARM.ActiveCfg = Release|Any CPU
		{85985191-4247-41EF-BE4E-4E65B0E3925D}.Release|Windows-ARM.Build.0 = Release|Any CPU
		{85985191-4247-41EF-BE4E-4E65B0E3925D}.Release|Windows-x64.ActiveCfg = Release|Any CPU
		{85985191-4247-41EF-BE4E-4E65B0E3925D}.Release|Windows-x64.Build.0 = Release|Any CPU
		{85985191-4247-41EF-BE4E-4E65B0E3925D}.Release|Windows-x86.ActiveCfg = Release|Any CPU
		{85985191-4247-41EF-BE4E-4E65B0E3925D}.Release|Windows-x86.Build.0 = Release|Any CPU
		{85985191-4247-41EF-BE4E-4E65B0E3925D}.Release|x86.ActiveCfg = Release|x86
		{85985191-4247-41EF-BE4E-4E65B0E3925D}.Release|x86.Build.0 = Release|x86
		{DCDEBC7E-1D21-462C-BF95-A3CAC57FF467}.Debug|Android.ActiveCfg = Debug|Any CPU
		{DCDEBC7E-1D21-462C-BF95-A3CAC57FF467}.Debug|Android.Build.0 = Debug|Any CPU
		{DCDEBC7E-1D21-462C-BF95-A3CAC57FF467}.Debug|Any CPU.ActiveCfg = Debug|Any CPU
		{DCDEBC7E-1D21-462C-BF95-A3CAC57FF467}.Debug|Any CPU.Build.0 = Debug|Any CPU
		{DCDEBC7E-1D21-462C-BF95-A3CAC57FF467}.Debug|iOS.ActiveCfg = Debug|Any CPU
		{DCDEBC7E-1D21-462C-BF95-A3CAC57FF467}.Debug|iOS.Build.0 = Debug|Any CPU
		{DCDEBC7E-1D21-462C-BF95-A3CAC57FF467}.Debug|Windows-ARM.ActiveCfg = Debug|Any CPU
		{DCDEBC7E-1D21-462C-BF95-A3CAC57FF467}.Debug|Windows-ARM.Build.0 = Debug|Any CPU
		{DCDEBC7E-1D21-462C-BF95-A3CAC57FF467}.Debug|Windows-x64.ActiveCfg = Debug|Any CPU
		{DCDEBC7E-1D21-462C-BF95-A3CAC57FF467}.Debug|Windows-x64.Build.0 = Debug|Any CPU
		{DCDEBC7E-1D21-462C-BF95-A3CAC57FF467}.Debug|Windows-x86.ActiveCfg = Debug|Any CPU
		{DCDEBC7E-1D21-462C-BF95-A3CAC57FF467}.Debug|Windows-x86.Build.0 = Debug|Any CPU
		{DCDEBC7E-1D21-462C-BF95-A3CAC57FF467}.Debug|x86.ActiveCfg = Debug|Any CPU
		{DCDEBC7E-1D21-462C-BF95-A3CAC57FF467}.Debug|x86.Build.0 = Debug|Any CPU
		{DCDEBC7E-1D21-462C-BF95-A3CAC57FF467}.Release|Android.ActiveCfg = Release|Any CPU
		{DCDEBC7E-1D21-462C-BF95-A3CAC57FF467}.Release|Android.Build.0 = Release|Any CPU
		{DCDEBC7E-1D21-462C-BF95-A3CAC57FF467}.Release|Any CPU.ActiveCfg = Release|Any CPU
		{DCDEBC7E-1D21-462C-BF95-A3CAC57FF467}.Release|Any CPU.Build.0 = Release|Any CPU
		{DCDEBC7E-1D21-462C-BF95-A3CAC57FF467}.Release|iOS.ActiveCfg = Release|Any CPU
		{DCDEBC7E-1D21-462C-BF95-A3CAC57FF467}.Release|iOS.Build.0 = Release|Any CPU
		{DCDEBC7E-1D21-462C-BF95-A3CAC57FF467}.Release|Windows-ARM.ActiveCfg = Release|Any CPU
		{DCDEBC7E-1D21-462C-BF95-A3CAC57FF467}.Release|Windows-ARM.Build.0 = Release|Any CPU
		{DCDEBC7E-1D21-462C-BF95-A3CAC57FF467}.Release|Windows-x64.ActiveCfg = Release|Any CPU
		{DCDEBC7E-1D21-462C-BF95-A3CAC57FF467}.Release|Windows-x64.Build.0 = Release|Any CPU
		{DCDEBC7E-1D21-462C-BF95-A3CAC57FF467}.Release|Windows-x86.ActiveCfg = Release|Any CPU
		{DCDEBC7E-1D21-462C-BF95-A3CAC57FF467}.Release|Windows-x86.Build.0 = Release|Any CPU
		{DCDEBC7E-1D21-462C-BF95-A3CAC57FF467}.Release|x86.ActiveCfg = Release|Any CPU
		{DCDEBC7E-1D21-462C-BF95-A3CAC57FF467}.Release|x86.Build.0 = Release|Any CPU
		{2958AA17-2074-49C5-9798-6072E60A17DB}.Debug|Android.ActiveCfg = Debug|Any CPU
		{2958AA17-2074-49C5-9798-6072E60A17DB}.Debug|Any CPU.ActiveCfg = Debug|Any CPU
		{2958AA17-2074-49C5-9798-6072E60A17DB}.Debug|iOS.ActiveCfg = Debug|Any CPU
		{2958AA17-2074-49C5-9798-6072E60A17DB}.Debug|Windows-ARM.ActiveCfg = Debug|Any CPU
		{2958AA17-2074-49C5-9798-6072E60A17DB}.Debug|Windows-x64.ActiveCfg = Debug|Any CPU
		{2958AA17-2074-49C5-9798-6072E60A17DB}.Debug|Windows-x86.ActiveCfg = Debug|Any CPU
		{2958AA17-2074-49C5-9798-6072E60A17DB}.Debug|x86.ActiveCfg = Debug|Any CPU
		{2958AA17-2074-49C5-9798-6072E60A17DB}.Release|Android.ActiveCfg = Release|Any CPU
		{2958AA17-2074-49C5-9798-6072E60A17DB}.Release|Any CPU.ActiveCfg = Release|Any CPU
		{2958AA17-2074-49C5-9798-6072E60A17DB}.Release|iOS.ActiveCfg = Release|Any CPU
		{2958AA17-2074-49C5-9798-6072E60A17DB}.Release|Windows-ARM.ActiveCfg = Release|Any CPU
		{2958AA17-2074-49C5-9798-6072E60A17DB}.Release|Windows-x64.ActiveCfg = Release|Any CPU
		{2958AA17-2074-49C5-9798-6072E60A17DB}.Release|Windows-x86.ActiveCfg = Release|Any CPU
		{2958AA17-2074-49C5-9798-6072E60A17DB}.Release|x86.ActiveCfg = Release|Any CPU
		{E8FA2C07-683C-47BE-B378-D2A19A617A85}.Debug|Android.ActiveCfg = Debug|Any CPU
		{E8FA2C07-683C-47BE-B378-D2A19A617A85}.Debug|Android.Build.0 = Debug|Any CPU
		{E8FA2C07-683C-47BE-B378-D2A19A617A85}.Debug|Any CPU.ActiveCfg = Debug|Any CPU
		{E8FA2C07-683C-47BE-B378-D2A19A617A85}.Debug|Any CPU.Build.0 = Debug|Any CPU
		{E8FA2C07-683C-47BE-B378-D2A19A617A85}.Debug|iOS.ActiveCfg = Debug|Any CPU
		{E8FA2C07-683C-47BE-B378-D2A19A617A85}.Debug|iOS.Build.0 = Debug|Any CPU
		{E8FA2C07-683C-47BE-B378-D2A19A617A85}.Debug|Windows-ARM.ActiveCfg = Debug|Any CPU
		{E8FA2C07-683C-47BE-B378-D2A19A617A85}.Debug|Windows-ARM.Build.0 = Debug|Any CPU
		{E8FA2C07-683C-47BE-B378-D2A19A617A85}.Debug|Windows-x64.ActiveCfg = Debug|Any CPU
		{E8FA2C07-683C-47BE-B378-D2A19A617A85}.Debug|Windows-x64.Build.0 = Debug|Any CPU
		{E8FA2C07-683C-47BE-B378-D2A19A617A85}.Debug|Windows-x86.ActiveCfg = Debug|Any CPU
		{E8FA2C07-683C-47BE-B378-D2A19A617A85}.Debug|Windows-x86.Build.0 = Debug|Any CPU
		{E8FA2C07-683C-47BE-B378-D2A19A617A85}.Debug|x86.ActiveCfg = Debug|Any CPU
		{E8FA2C07-683C-47BE-B378-D2A19A617A85}.Debug|x86.Build.0 = Debug|Any CPU
		{E8FA2C07-683C-47BE-B378-D2A19A617A85}.Release|Android.ActiveCfg = Release|Any CPU
		{E8FA2C07-683C-47BE-B378-D2A19A617A85}.Release|Android.Build.0 = Release|Any CPU
		{E8FA2C07-683C-47BE-B378-D2A19A617A85}.Release|Any CPU.ActiveCfg = Release|Any CPU
		{E8FA2C07-683C-47BE-B378-D2A19A617A85}.Release|Any CPU.Build.0 = Release|Any CPU
		{E8FA2C07-683C-47BE-B378-D2A19A617A85}.Release|iOS.ActiveCfg = Release|Any CPU
		{E8FA2C07-683C-47BE-B378-D2A19A617A85}.Release|iOS.Build.0 = Release|Any CPU
		{E8FA2C07-683C-47BE-B378-D2A19A617A85}.Release|Windows-ARM.ActiveCfg = Release|Any CPU
		{E8FA2C07-683C-47BE-B378-D2A19A617A85}.Release|Windows-ARM.Build.0 = Release|Any CPU
		{E8FA2C07-683C-47BE-B378-D2A19A617A85}.Release|Windows-x64.ActiveCfg = Release|Any CPU
		{E8FA2C07-683C-47BE-B378-D2A19A617A85}.Release|Windows-x64.Build.0 = Release|Any CPU
		{E8FA2C07-683C-47BE-B378-D2A19A617A85}.Release|Windows-x86.ActiveCfg = Release|Any CPU
		{E8FA2C07-683C-47BE-B378-D2A19A617A85}.Release|Windows-x86.Build.0 = Release|Any CPU
		{E8FA2C07-683C-47BE-B378-D2A19A617A85}.Release|x86.ActiveCfg = Release|Any CPU
		{E8FA2C07-683C-47BE-B378-D2A19A617A85}.Release|x86.Build.0 = Release|Any CPU
	EndGlobalSection
	GlobalSection(SolutionProperties) = preSolution
		HideSolutionNode = FALSE
	EndGlobalSection
	GlobalSection(ExtensibilityGlobals) = postSolution
		SolutionGuid = {7E2D4BF3-7D9F-4528-90AD-D35CD310602F}
	EndGlobalSection
EndGlobal
